
Microsoft Visual Studio Solution File, Format Version 12.00
# Visual Studio 14
VisualStudioVersion = 14.0.25420.1
MinimumVisualStudioVersion = 10.0.40219.1
Project("{FAE04EC0-301F-11D3-BF4B-00C04F79EFBC}") = "DZ2_lab2_9.11.2016", "DZ2_lab2_9.11.2016\DZ2_lab2_9.11.2016.csproj", "{92FDF482-5320-48B6-A3CE-599144F83D9A}"
EndProject
Global
	GlobalSection(SolutionConfigurationPlatforms) = preSolution
		Debug|Any CPU = Debug|Any CPU
		Release|Any CPU = Release|Any CPU
	EndGlobalSection
	GlobalSection(ProjectConfigurationPlatforms) = postSolution
		{92FDF482-5320-48B6-A3CE-599144F83D9A}.Debug|Any CPU.ActiveCfg = Debug|Any CPU
		{92FDF482-5320-48B6-A3CE-599144F83D9A}.Debug|Any CPU.Build.0 = Debug|Any CPU
		{92FDF482-5320-48B6-A3CE-599144F83D9A}.Release|Any CPU.ActiveCfg = Release|Any CPU
		{92FDF482-5320-48B6-A3CE-599144F83D9A}.Release|Any CPU.Build.0 = Release|Any CPU
	EndGlobalSection
	GlobalSection(SolutionProperties) = preSolution
		HideSolutionNode = FALSE
	EndGlobalSection
EndGlobal
